
Microsoft Visual Studio Solution File, Format Version 12.00
# Visual Studio Version 16
VisualStudioVersion = 16.0.31624.102
MinimumVisualStudioVersion = 10.0.40219.1
Project("{FAE04EC0-301F-11D3-BF4B-00C04F79EFBC}") = "WebAPIEF", "WebAPIEF\WebAPIEF.csproj", "{D8FB75CE-C3D2-4FCD-A01D-6D954785683C}"
EndProject
Global
	GlobalSection(SolutionConfigurationPlatforms) = preSolution
		Debug|Any CPU = Debug|Any CPU
		Release|Any CPU = Release|Any CPU
	EndGlobalSection
	GlobalSection(ProjectConfigurationPlatforms) = postSolution
		{D8FB75CE-C3D2-4FCD-A01D-6D954785683C}.Debug|Any CPU.ActiveCfg = Debug|Any CPU
		{D8FB75CE-C3D2-4FCD-A01D-6D954785683C}.Debug|Any CPU.Build.0 = Debug|Any CPU
		{D8FB75CE-C3D2-4FCD-A01D-6D954785683C}.Release|Any CPU.ActiveCfg = Release|Any CPU
		{D8FB75CE-C3D2-4FCD-A01D-6D954785683C}.Release|Any CPU.Build.0 = Release|Any CPU
	EndGlobalSection
	GlobalSection(SolutionProperties) = preSolution
		HideSolutionNode = FALSE
	EndGlobalSection
	GlobalSection(ExtensibilityGlobals) = postSolution
		SolutionGuid = {46706F8B-526A-4759-9D71-B3A764E2FA95}
	EndGlobalSection
EndGlobal
